{
  "name": "botbouncer",
  "version": "0.0.7",
  "dependencies": {
    "bignumber.js": {
      "version": "2.1.4",
      "from": "bignumber.js@^2.1.0",
      "resolved": "https://registry.npmjs.org/bignumber.js/-/bignumber.js-2.1.4.tgz"
    },
    "bitcore-lib": {
      "version": "0.13.12",
      "from": "bitcore-lib@0.13.12",
      "resolved": "https://registry.npmjs.org/bitcore-lib/-/bitcore-lib-0.13.12.tgz",
      "dependencies": {
        "bn.js": {
          "version": "2.0.4",
          "from": "https://registry.npmjs.org/bn.js/-/bn.js-2.0.4.tgz",
          "resolved": "https://registry.npmjs.org/bn.js/-/bn.js-2.0.4.tgz"
        },
        "bs58": {
          "version": "2.0.0",
          "from": "https://registry.npmjs.org/bs58/-/bs58-2.0.0.tgz",
          "resolved": "https://registry.npmjs.org/bs58/-/bs58-2.0.0.tgz"
        },
        "buffer-compare": {
          "version": "1.0.0",
          "from": "https://registry.npmjs.org/buffer-compare/-/buffer-compare-1.0.0.tgz",
          "resolved": "https://registry.npmjs.org/buffer-compare/-/buffer-compare-1.0.0.tgz"
        },
        "elliptic": {
          "version": "3.0.3",
          "from": "https://registry.npmjs.org/elliptic/-/elliptic-3.0.3.tgz",
          "resolved": "https://registry.npmjs.org/elliptic/-/elliptic-3.0.3.tgz",
          "dependencies": {
            "brorand": {
              "version": "1.0.5",
              "from": "https://registry.npmjs.org/brorand/-/brorand-1.0.5.tgz",
              "resolved": "https://registry.npmjs.org/brorand/-/brorand-1.0.5.tgz"
            },
            "hash.js": {
              "version": "1.0.3",
              "from": "https://registry.npmjs.org/hash.js/-/hash.js-1.0.3.tgz",
              "resolved": "https://registry.npmjs.org/hash.js/-/hash.js-1.0.3.tgz"
            }
          }
        },
        "inherits": {
          "version": "2.0.1",
          "from": "https://registry.npmjs.org/inherits/-/inherits-2.0.1.tgz",
          "resolved": "https://registry.npmjs.org/inherits/-/inherits-2.0.1.tgz"
        },
        "lodash": {
          "version": "3.10.1",
          "from": "https://registry.npmjs.org/lodash/-/lodash-3.10.1.tgz",
          "resolved": "https://registry.npmjs.org/lodash/-/lodash-3.10.1.tgz"
        },
        "sha512": {
          "version": "0.0.1",
          "from": "https://registry.npmjs.org/sha512/-/sha512-0.0.1.tgz",
          "resolved": "https://registry.npmjs.org/sha512/-/sha512-0.0.1.tgz"
        }
      }
    },
    "caminte": {
      "version": "0.2.7",
      "from": "caminte@0.2.7",
      "resolved": "https://registry.npmjs.org/caminte/-/caminte-0.2.7.tgz",
      "dependencies": {
        "node-uuid": {
          "version": "1.4.7",
          "from": "node-uuid@>= 1.3.3",
          "resolved": "https://registry.npmjs.org/node-uuid/-/node-uuid-1.4.7.tgz"
        }
      }
    },
    "cli-table2": {
      "version": "0.1.9",
      "from": "cli-table2@",
      "resolved": "https://registry.npmjs.org/cli-table2/-/cli-table2-0.1.9.tgz",
      "dependencies": {
        "colors": {
          "version": "1.0.3",
          "from": "colors@1.0.3",
          "resolved": "https://registry.npmjs.org/colors/-/colors-1.0.3.tgz"
        },
        "lodash": {
          "version": "2.4.1",
          "from": "lodash@2.4.1",
          "resolved": "https://registry.npmjs.org/lodash/-/lodash-2.4.1.tgz"
        }
      }
    },
    "dnscache": {
      "version": "0.0.4",
      "from": "dnscache@0.0.4",
      "resolved": "https://registry.npmjs.org/dnscache/-/dnscache-0.0.4.tgz"
    },
    "ejs": {
      "version": "2.4.1",
      "from": "ejs@",
      "resolved": "https://registry.npmjs.org/ejs/-/ejs-2.4.1.tgz"
    },
    "escape-string-regexp": {
      "version": "1.0.4",
      "from": "escape-string-regexp@",
      "resolved": "https://registry.npmjs.org/escape-string-regexp/-/escape-string-regexp-1.0.4.tgz"
    },
    "filesize": {
      "version": "3.2.1",
      "from": "filesize@",
      "resolved": "https://registry.npmjs.org/filesize/-/filesize-3.2.1.tgz"
    },
    "ipaddr.js": {
      "version": "1.1.0",
      "from": "ipaddr.js@1.1.0",
      "resolved": "https://registry.npmjs.org/ipaddr.js/-/ipaddr.js-1.1.0.tgz"
    },
    "ipware": {
      "version": "0.0.7",
      "from": "ipware@",
      "resolved": "https://registry.npmjs.org/ipware/-/ipware-0.0.7.tgz"
    },
    "isbot": {
      "version": "2.0.0",
      "from": "isbot@2.0.0",
      "resolved": "https://registry.npmjs.org/isbot/-/isbot-2.0.0.tgz"
    },
    "lockfile": {
      "version": "1.0.1",
      "from": "lockfile@",
      "resolved": "https://registry.npmjs.org/lockfile/-/lockfile-1.0.1.tgz"
    },
    "lodash": {
      "version": "4.2.0",
      "from": "lodash@4.2.0",
      "resolved": "https://registry.npmjs.org/lodash/-/lodash-4.2.0.tgz"
    },
    "merge-defaults": {
      "version": "0.2.1",
      "from": "merge-defaults@",
      "resolved": "https://registry.npmjs.org/merge-defaults/-/merge-defaults-0.2.1.tgz",
      "dependencies": {
        "lodash": {
          "version": "2.4.2",
          "from": "lodash@2.4.2",
          "resolved": "https://registry.npmjs.org/lodash/-/lodash-2.4.2.tgz"
        }
      }
    },
    "minimist": {
      "version": "1.2.0",
      "from": "minimist@",
      "resolved": "https://registry.npmjs.org/minimist/-/minimist-1.2.0.tgz"
    },
    "moment": {
      "version": "2.11.1",
      "from": "moment@2.11.1",
      "resolved": "https://registry.npmjs.org/moment/-/moment-2.11.1.tgz"
    },
    "nan": {
      "version": "2.3.5",
      "from": "nan@>=2.3.3 <2.4.0",
      "resolved": "https://registry.npmjs.org/nan/-/nan-2.3.5.tgz"
    },
    "numeral": {
      "version": "1.5.3",
      "from": "numeral@",
      "resolved": "https://registry.npmjs.org/numeral/-/numeral-1.5.3.tgz"
    },
    "q": {
      "version": "1.4.1",
      "from": "q@^1.4.1",
      "resolved": "https://registry.npmjs.org/q/-/q-1.4.1.tgz"
    },
    "request": {
      "version": "2.69.0",
      "from": "request@2.69.0",
      "resolved": "https://registry.npmjs.org/request/-/request-2.69.0.tgz",
      "dependencies": {
        "aws-sign2": {
          "version": "0.6.0",
          "from": "aws-sign2@~0.6.0",
          "resolved": "https://registry.npmjs.org/aws-sign2/-/aws-sign2-0.6.0.tgz"
        },
        "aws4": {
          "version": "1.2.1",
          "from": "aws4@^1.2.1",
          "resolved": "https://registry.npmjs.org/aws4/-/aws4-1.2.1.tgz",
          "dependencies": {
            "lru-cache": {
              "version": "2.7.3",
              "from": "lru-cache@^2.6.5",
              "resolved": "https://registry.npmjs.org/lru-cache/-/lru-cache-2.7.3.tgz"
            }
          }
        },
        "bl": {
          "version": "1.0.1",
          "from": "bl@~1.0.0",
          "resolved": "https://registry.npmjs.org/bl/-/bl-1.0.1.tgz",
          "dependencies": {
            "readable-stream": {
              "version": "2.0.5",
              "from": "readable-stream@~2.0.5",
              "resolved": "https://registry.npmjs.org/readable-stream/-/readable-stream-2.0.5.tgz",
              "dependencies": {
                "core-util-is": {
                  "version": "1.0.2",
                  "from": "core-util-is@~1.0.0",
                  "resolved": "https://registry.npmjs.org/core-util-is/-/core-util-is-1.0.2.tgz"
                },
                "inherits": {
                  "version": "2.0.1",
                  "from": "inherits@~2.0.1",
                  "resolved": "https://registry.npmjs.org/inherits/-/inherits-2.0.1.tgz"
                },
                "isarray": {
                  "version": "0.0.1",
                  "from": "isarray@0.0.1",
                  "resolved": "https://registry.npmjs.org/isarray/-/isarray-0.0.1.tgz"
                },
                "process-nextick-args": {
                  "version": "1.0.6",
                  "from": "process-nextick-args@~1.0.6",
                  "resolved": "https://registry.npmjs.org/process-nextick-args/-/process-nextick-args-1.0.6.tgz"
                },
                "string_decoder": {
                  "version": "0.10.31",
                  "from": "string_decoder@~0.10.x",
                  "resolved": "https://registry.npmjs.org/string_decoder/-/string_decoder-0.10.31.tgz"
                },
                "util-deprecate": {
                  "version": "1.0.2",
                  "from": "util-deprecate@~1.0.1",
                  "resolved": "https://registry.npmjs.org/util-deprecate/-/util-deprecate-1.0.2.tgz"
                }
              }
            }
          }
        },
        "caseless": {
          "version": "0.11.0",
          "from": "caseless@~0.11.0",
          "resolved": "https://registry.npmjs.org/caseless/-/caseless-0.11.0.tgz"
        },
        "combined-stream": {
          "version": "1.0.5",
          "from": "combined-stream@~1.0.5",
          "resolved": "https://registry.npmjs.org/combined-stream/-/combined-stream-1.0.5.tgz",
          "dependencies": {
            "delayed-stream": {
              "version": "1.0.0",
              "from": "delayed-stream@~1.0.0",
              "resolved": "https://registry.npmjs.org/delayed-stream/-/delayed-stream-1.0.0.tgz"
            }
          }
        },
        "extend": {
          "version": "3.0.0",
          "from": "extend@~3.0.0",
          "resolved": "https://registry.npmjs.org/extend/-/extend-3.0.0.tgz"
        },
        "forever-agent": {
          "version": "0.6.1",
          "from": "forever-agent@~0.6.1",
          "resolved": "https://registry.npmjs.org/forever-agent/-/forever-agent-0.6.1.tgz"
        },
        "form-data": {
          "version": "1.0.0-rc3",
          "from": "form-data@~1.0.0-rc3",
          "resolved": "https://registry.npmjs.org/form-data/-/form-data-1.0.0-rc3.tgz",
          "dependencies": {
            "async": {
              "version": "1.5.2",
              "from": "async@^1.4.0",
              "resolved": "https://registry.npmjs.org/async/-/async-1.5.2.tgz"
            }
          }
        },
        "har-validator": {
          "version": "2.0.6",
          "from": "har-validator@~2.0.6",
          "resolved": "https://registry.npmjs.org/har-validator/-/har-validator-2.0.6.tgz",
          "dependencies": {
            "chalk": {
              "version": "1.1.1",
              "from": "chalk@^1.1.1",
              "resolved": "https://registry.npmjs.org/chalk/-/chalk-1.1.1.tgz",
              "dependencies": {
                "ansi-styles": {
                  "version": "2.1.0",
                  "from": "ansi-styles@^2.1.0",
                  "resolved": "https://registry.npmjs.org/ansi-styles/-/ansi-styles-2.1.0.tgz"
                },
                "has-ansi": {
                  "version": "2.0.0",
                  "from": "has-ansi@^2.0.0",
                  "resolved": "https://registry.npmjs.org/has-ansi/-/has-ansi-2.0.0.tgz",
                  "dependencies": {
                    "ansi-regex": {
                      "version": "2.0.0",
                      "from": "ansi-regex@^2.0.0",
                      "resolved": "https://registry.npmjs.org/ansi-regex/-/ansi-regex-2.0.0.tgz"
                    }
                  }
                },
                "strip-ansi": {
                  "version": "3.0.0",
                  "from": "strip-ansi@^3.0.0",
                  "resolved": "https://registry.npmjs.org/strip-ansi/-/strip-ansi-3.0.0.tgz",
                  "dependencies": {
                    "ansi-regex": {
                      "version": "2.0.0",
                      "from": "ansi-regex@^2.0.0",
                      "resolved": "https://registry.npmjs.org/ansi-regex/-/ansi-regex-2.0.0.tgz"
                    }
                  }
                },
                "supports-color": {
                  "version": "2.0.0",
                  "from": "supports-color@^2.0.0",
                  "resolved": "https://registry.npmjs.org/supports-color/-/supports-color-2.0.0.tgz"
                }
              }
            },
            "commander": {
              "version": "2.9.0",
              "from": "commander@^2.9.0",
              "resolved": "https://registry.npmjs.org/commander/-/commander-2.9.0.tgz",
              "dependencies": {
                "graceful-readlink": {
                  "version": "1.0.1",
                  "from": "graceful-readlink@>= 1.0.0",
                  "resolved": "https://registry.npmjs.org/graceful-readlink/-/graceful-readlink-1.0.1.tgz"
                }
              }
            },
            "is-my-json-valid": {
              "version": "2.12.4",
              "from": "is-my-json-valid@^2.12.4",
              "resolved": "https://registry.npmjs.org/is-my-json-valid/-/is-my-json-valid-2.12.4.tgz",
              "dependencies": {
                "generate-function": {
                  "version": "2.0.0",
                  "from": "generate-function@^2.0.0",
                  "resolved": "https://registry.npmjs.org/generate-function/-/generate-function-2.0.0.tgz"
                },
                "generate-object-property": {
                  "version": "1.2.0",
                  "from": "generate-object-property@^1.1.0",
                  "resolved": "https://registry.npmjs.org/generate-object-property/-/generate-object-property-1.2.0.tgz",
                  "dependencies": {
                    "is-property": {
                      "version": "1.0.2",
                      "from": "is-property@^1.0.0",
                      "resolved": "https://registry.npmjs.org/is-property/-/is-property-1.0.2.tgz"
                    }
                  }
                },
                "jsonpointer": {
                  "version": "2.0.0",
                  "from": "jsonpointer@2.0.0",
                  "resolved": "https://registry.npmjs.org/jsonpointer/-/jsonpointer-2.0.0.tgz"
                },
                "xtend": {
                  "version": "4.0.1",
                  "from": "xtend@^4.0.0",
                  "resolved": "https://registry.npmjs.org/xtend/-/xtend-4.0.1.tgz"
                }
              }
            },
            "pinkie-promise": {
              "version": "2.0.0",
              "from": "pinkie-promise@^2.0.0",
              "resolved": "https://registry.npmjs.org/pinkie-promise/-/pinkie-promise-2.0.0.tgz",
              "dependencies": {
                "pinkie": {
                  "version": "2.0.4",
                  "from": "pinkie@^2.0.0",
                  "resolved": "https://registry.npmjs.org/pinkie/-/pinkie-2.0.4.tgz"
                }
              }
            }
          }
        },
        "hawk": {
          "version": "3.1.3",
          "from": "hawk@~3.1.0",
          "resolved": "https://registry.npmjs.org/hawk/-/hawk-3.1.3.tgz",
          "dependencies": {
            "boom": {
              "version": "2.10.1",
              "from": "boom@2.x.x",
              "resolved": "https://registry.npmjs.org/boom/-/boom-2.10.1.tgz"
            },
            "cryptiles": {
              "version": "2.0.5",
              "from": "cryptiles@2.x.x",
              "resolved": "https://registry.npmjs.org/cryptiles/-/cryptiles-2.0.5.tgz"
            },
            "hoek": {
              "version": "2.16.3",
              "from": "hoek@2.x.x",
              "resolved": "https://registry.npmjs.org/hoek/-/hoek-2.16.3.tgz"
            },
            "sntp": {
              "version": "1.0.9",
              "from": "sntp@1.x.x",
              "resolved": "https://registry.npmjs.org/sntp/-/sntp-1.0.9.tgz"
            }
          }
        },
        "http-signature": {
          "version": "1.1.1",
          "from": "http-signature@~1.1.0",
          "resolved": "https://registry.npmjs.org/http-signature/-/http-signature-1.1.1.tgz",
          "dependencies": {
            "assert-plus": {
              "version": "0.2.0",
              "from": "assert-plus@^0.2.0",
              "resolved": "https://registry.npmjs.org/assert-plus/-/assert-plus-0.2.0.tgz"
            },
            "jsprim": {
              "version": "1.2.2",
              "from": "jsprim@^1.2.2",
              "resolved": "https://registry.npmjs.org/jsprim/-/jsprim-1.2.2.tgz",
              "dependencies": {
                "extsprintf": {
                  "version": "1.0.2",
                  "from": "extsprintf@1.0.2",
                  "resolved": "https://registry.npmjs.org/extsprintf/-/extsprintf-1.0.2.tgz"
                },
                "json-schema": {
                  "version": "0.2.2",
                  "from": "json-schema@0.2.2",
                  "resolved": "https://registry.npmjs.org/json-schema/-/json-schema-0.2.2.tgz"
                },
                "verror": {
                  "version": "1.3.6",
                  "from": "verror@1.3.6",
                  "resolved": "https://registry.npmjs.org/verror/-/verror-1.3.6.tgz"
                }
              }
            },
            "sshpk": {
              "version": "1.7.3",
              "from": "sshpk@^1.7.0",
              "resolved": "https://registry.npmjs.org/sshpk/-/sshpk-1.7.3.tgz",
              "dependencies": {
                "asn1": {
                  "version": "0.2.3",
                  "from": "asn1@>=0.2.3 <0.3.0",
                  "resolved": "https://registry.npmjs.org/asn1/-/asn1-0.2.3.tgz"
                },
                "dashdash": {
                  "version": "1.12.2",
                  "from": "dashdash@>=1.10.1 <2.0.0",
                  "resolved": "https://registry.npmjs.org/dashdash/-/dashdash-1.12.2.tgz"
                },
                "ecc-jsbn": {
                  "version": "0.1.1",
                  "from": "ecc-jsbn@>=0.0.1 <1.0.0",
                  "resolved": "https://registry.npmjs.org/ecc-jsbn/-/ecc-jsbn-0.1.1.tgz"
                },
                "jodid25519": {
                  "version": "1.0.2",
                  "from": "jodid25519@>=1.0.0 <2.0.0",
                  "resolved": "https://registry.npmjs.org/jodid25519/-/jodid25519-1.0.2.tgz"
                },
                "jsbn": {
                  "version": "0.1.0",
                  "from": "jsbn@>=0.1.0 <0.2.0",
                  "resolved": "https://registry.npmjs.org/jsbn/-/jsbn-0.1.0.tgz"
                },
                "tweetnacl": {
                  "version": "0.13.3",
                  "from": "tweetnacl@>=0.13.0 <1.0.0",
                  "resolved": "https://registry.npmjs.org/tweetnacl/-/tweetnacl-0.13.3.tgz"
                }
              }
            }
          }
        },
        "is-typedarray": {
          "version": "1.0.0",
          "from": "is-typedarray@~1.0.0",
          "resolved": "https://registry.npmjs.org/is-typedarray/-/is-typedarray-1.0.0.tgz"
        },
        "isstream": {
          "version": "0.1.2",
          "from": "isstream@~0.1.2",
          "resolved": "https://registry.npmjs.org/isstream/-/isstream-0.1.2.tgz"
        },
        "json-stringify-safe": {
          "version": "5.0.1",
          "from": "json-stringify-safe@~5.0.1",
          "resolved": "https://registry.npmjs.org/json-stringify-safe/-/json-stringify-safe-5.0.1.tgz"
        },
        "mime-types": {
          "version": "2.1.9",
          "from": "mime-types@~2.1.7",
          "resolved": "https://registry.npmjs.org/mime-types/-/mime-types-2.1.9.tgz",
          "dependencies": {
            "mime-db": {
              "version": "1.21.0",
              "from": "mime-db@~1.21.0",
              "resolved": "https://registry.npmjs.org/mime-db/-/mime-db-1.21.0.tgz"
            }
          }
        },
        "node-uuid": {
          "version": "1.4.7",
          "from": "node-uuid@~1.4.7",
          "resolved": "https://registry.npmjs.org/node-uuid/-/node-uuid-1.4.7.tgz"
        },
        "oauth-sign": {
          "version": "0.8.1",
          "from": "oauth-sign@~0.8.0",
          "resolved": "https://registry.npmjs.org/oauth-sign/-/oauth-sign-0.8.1.tgz"
        },
        "qs": {
          "version": "6.0.2",
          "from": "qs@~6.0.2",
          "resolved": "https://registry.npmjs.org/qs/-/qs-6.0.2.tgz"
        },
        "stringstream": {
          "version": "0.0.5",
          "from": "stringstream@~0.0.4",
          "resolved": "https://registry.npmjs.org/stringstream/-/stringstream-0.0.5.tgz"
        },
        "tough-cookie": {
          "version": "2.2.1",
          "from": "tough-cookie@~2.2.0",
          "resolved": "https://registry.npmjs.org/tough-cookie/-/tough-cookie-2.2.1.tgz"
        },
        "tunnel-agent": {
          "version": "0.4.2",
          "from": "tunnel-agent@~0.4.1",
          "resolved": "https://registry.npmjs.org/tunnel-agent/-/tunnel-agent-0.4.2.tgz"
        }
      }
    },
    "semver": {
      "version": "5.1.0",
      "from": "semver@",
      "resolved": "https://registry.npmjs.org/semver/-/semver-5.1.0.tgz"
    },
    "sqlite3": {
      "version": "3.1.4",
      "from": "sqlite3@>=3.1.4 <4.0.0",
      "resolved": "https://registry.npmjs.org/sqlite3/-/sqlite3-3.1.4.tgz",
      "dependencies": {
        "abbrev": {
          "version": "1.0.7",
          "from": "abbrev@>=1.0.0 <2.0.0",
          "resolved": "https://registry.npmjs.org/abbrev/-/abbrev-1.0.7.tgz"
        },
        "ansi": {
          "version": "0.3.1",
          "from": "ansi@>=0.3.1 <0.4.0",
          "resolved": "https://registry.npmjs.org/ansi/-/ansi-0.3.1.tgz"
        },
        "ansi-regex": {
          "version": "2.0.0",
          "from": "ansi-regex@>=2.0.0 <3.0.0",
          "resolved": "https://registry.npmjs.org/ansi-regex/-/ansi-regex-2.0.0.tgz"
        },
        "ansi-styles": {
          "version": "2.2.1",
          "from": "ansi-styles@>=2.2.1 <3.0.0",
          "resolved": "https://registry.npmjs.org/ansi-styles/-/ansi-styles-2.2.1.tgz"
        },
        "are-we-there-yet": {
          "version": "1.1.2",
          "from": "are-we-there-yet@>=1.1.2 <1.2.0",
          "resolved": "https://registry.npmjs.org/are-we-there-yet/-/are-we-there-yet-1.1.2.tgz"
        },
        "asn1": {
          "version": "0.2.3",
          "from": "asn1@>=0.2.3 <0.3.0",
          "resolved": "https://registry.npmjs.org/asn1/-/asn1-0.2.3.tgz"
        },
        "assert-plus": {
          "version": "0.2.0",
          "from": "assert-plus@>=0.2.0 <0.3.0",
          "resolved": "https://registry.npmjs.org/assert-plus/-/assert-plus-0.2.0.tgz"
        },
        "async": {
          "version": "1.5.2",
          "from": "async@>=1.5.2 <2.0.0",
          "resolved": "https://registry.npmjs.org/async/-/async-1.5.2.tgz"
        },
        "aws-sign2": {
          "version": "0.6.0",
          "from": "aws-sign2@>=0.6.0 <0.7.0",
          "resolved": "https://registry.npmjs.org/aws-sign2/-/aws-sign2-0.6.0.tgz"
        },
        "aws4": {
          "version": "1.4.1",
          "from": "aws4@>=1.2.1 <2.0.0",
          "resolved": "https://registry.npmjs.org/aws4/-/aws4-1.4.1.tgz"
        },
        "balanced-match": {
          "version": "0.4.1",
          "from": "balanced-match@>=0.4.1 <0.5.0",
          "resolved": "https://registry.npmjs.org/balanced-match/-/balanced-match-0.4.1.tgz"
        },
        "bl": {
          "version": "1.1.2",
          "from": "bl@>=1.1.2 <1.2.0",
          "resolved": "https://registry.npmjs.org/bl/-/bl-1.1.2.tgz",
          "dependencies": {
            "readable-stream": {
              "version": "2.0.6",
              "from": "readable-stream@>=2.0.5 <2.1.0",
              "resolved": "https://registry.npmjs.org/readable-stream/-/readable-stream-2.0.6.tgz"
            }
          }
        },
        "block-stream": {
          "version": "0.0.9",
          "from": "block-stream@*",
          "resolved": "https://registry.npmjs.org/block-stream/-/block-stream-0.0.9.tgz"
        },
        "boom": {
          "version": "2.10.1",
          "from": "boom@>=2.0.0 <3.0.0",
          "resolved": "https://registry.npmjs.org/boom/-/boom-2.10.1.tgz"
        },
        "brace-expansion": {
          "version": "1.1.4",
          "from": "brace-expansion@>=1.0.0 <2.0.0",
          "resolved": "https://registry.npmjs.org/brace-expansion/-/brace-expansion-1.1.4.tgz"
        },
        "caseless": {
          "version": "0.11.0",
          "from": "caseless@>=0.11.0 <0.12.0",
          "resolved": "https://registry.npmjs.org/caseless/-/caseless-0.11.0.tgz"
        },
        "chalk": {
          "version": "1.1.3",
          "from": "chalk@>=1.1.1 <2.0.0",
          "resolved": "https://registry.npmjs.org/chalk/-/chalk-1.1.3.tgz"
        },
        "combined-stream": {
          "version": "1.0.5",
          "from": "combined-stream@>=1.0.5 <1.1.0",
          "resolved": "https://registry.npmjs.org/combined-stream/-/combined-stream-1.0.5.tgz"
        },
        "commander": {
          "version": "2.9.0",
          "from": "commander@>=2.9.0 <3.0.0",
          "resolved": "https://registry.npmjs.org/commander/-/commander-2.9.0.tgz"
        },
        "concat-map": {
          "version": "0.0.1",
          "from": "concat-map@0.0.1",
          "resolved": "https://registry.npmjs.org/concat-map/-/concat-map-0.0.1.tgz"
        },
        "core-util-is": {
          "version": "1.0.2",
          "from": "core-util-is@>=1.0.0 <1.1.0",
          "resolved": "https://registry.npmjs.org/core-util-is/-/core-util-is-1.0.2.tgz"
        },
        "cryptiles": {
          "version": "2.0.5",
          "from": "cryptiles@>=2.0.0 <3.0.0",
          "resolved": "https://registry.npmjs.org/cryptiles/-/cryptiles-2.0.5.tgz"
        },
        "dashdash": {
          "version": "1.13.1",
          "from": "dashdash@>=1.12.0 <2.0.0",
          "resolved": "https://registry.npmjs.org/dashdash/-/dashdash-1.13.1.tgz",
          "dependencies": {
            "assert-plus": {
              "version": "1.0.0",
              "from": "assert-plus@>=1.0.0 <2.0.0",
              "resolved": "https://registry.npmjs.org/assert-plus/-/assert-plus-1.0.0.tgz"
            }
          }
        },
        "debug": {
          "version": "2.2.0",
          "from": "debug@>=2.2.0 <2.3.0",
          "resolved": "https://registry.npmjs.org/debug/-/debug-2.2.0.tgz"
        },
        "deep-extend": {
          "version": "0.4.1",
          "from": "deep-extend@>=0.4.0 <0.5.0",
          "resolved": "https://registry.npmjs.org/deep-extend/-/deep-extend-0.4.1.tgz"
        },
        "delayed-stream": {
          "version": "1.0.0",
          "from": "delayed-stream@>=1.0.0 <1.1.0",
          "resolved": "https://registry.npmjs.org/delayed-stream/-/delayed-stream-1.0.0.tgz"
        },
        "delegates": {
          "version": "1.0.0",
          "from": "delegates@>=1.0.0 <2.0.0",
          "resolved": "https://registry.npmjs.org/delegates/-/delegates-1.0.0.tgz"
        },
        "ecc-jsbn": {
          "version": "0.1.1",
          "from": "ecc-jsbn@>=0.1.1 <0.2.0",
          "resolved": "https://registry.npmjs.org/ecc-jsbn/-/ecc-jsbn-0.1.1.tgz"
        },
        "escape-string-regexp": {
          "version": "1.0.5",
          "from": "escape-string-regexp@>=1.0.2 <2.0.0",
          "resolved": "https://registry.npmjs.org/escape-string-regexp/-/escape-string-regexp-1.0.5.tgz"
        },
        "extend": {
          "version": "3.0.0",
          "from": "extend@>=3.0.0 <3.1.0",
          "resolved": "https://registry.npmjs.org/extend/-/extend-3.0.0.tgz"
        },
        "extsprintf": {
          "version": "1.0.2",
          "from": "extsprintf@1.0.2",
          "resolved": "https://registry.npmjs.org/extsprintf/-/extsprintf-1.0.2.tgz"
        },
        "forever-agent": {
          "version": "0.6.1",
          "from": "forever-agent@>=0.6.1 <0.7.0",
          "resolved": "https://registry.npmjs.org/forever-agent/-/forever-agent-0.6.1.tgz"
        },
        "form-data": {
          "version": "1.0.0-rc4",
          "from": "form-data@>=1.0.0-rc3 <1.1.0",
          "resolved": "https://registry.npmjs.org/form-data/-/form-data-1.0.0-rc4.tgz"
        },
        "fstream": {
          "version": "1.0.9",
          "from": "fstream@>=1.0.2 <2.0.0",
          "resolved": "https://registry.npmjs.org/fstream/-/fstream-1.0.9.tgz"
        },
        "fstream-ignore": {
          "version": "1.0.4",
          "from": "fstream-ignore@>=1.0.3 <1.1.0",
          "resolved": "https://registry.npmjs.org/fstream-ignore/-/fstream-ignore-1.0.4.tgz"
        },
        "gauge": {
          "version": "1.2.7",
          "from": "gauge@>=1.2.5 <1.3.0",
          "resolved": "https://registry.npmjs.org/gauge/-/gauge-1.2.7.tgz"
        },
        "generate-function": {
          "version": "2.0.0",
          "from": "generate-function@>=2.0.0 <3.0.0",
          "resolved": "https://registry.npmjs.org/generate-function/-/generate-function-2.0.0.tgz"
        },
        "generate-object-property": {
          "version": "1.2.0",
          "from": "generate-object-property@>=1.1.0 <2.0.0",
          "resolved": "https://registry.npmjs.org/generate-object-property/-/generate-object-property-1.2.0.tgz"
        },
        "getpass": {
          "version": "0.1.6",
          "from": "getpass@>=0.1.1 <0.2.0",
          "resolved": "https://registry.npmjs.org/getpass/-/getpass-0.1.6.tgz",
          "dependencies": {
            "assert-plus": {
              "version": "1.0.0",
              "from": "assert-plus@>=1.0.0 <2.0.0",
              "resolved": "https://registry.npmjs.org/assert-plus/-/assert-plus-1.0.0.tgz"
            }
          }
        },
        "glob": {
          "version": "7.0.3",
          "from": "glob@>=7.0.0 <8.0.0",
          "resolved": "https://registry.npmjs.org/glob/-/glob-7.0.3.tgz"
        },
        "graceful-fs": {
          "version": "4.1.4",
          "from": "graceful-fs@>=4.1.2 <5.0.0",
          "resolved": "https://registry.npmjs.org/graceful-fs/-/graceful-fs-4.1.4.tgz"
        },
        "graceful-readlink": {
          "version": "1.0.1",
          "from": "graceful-readlink@>=1.0.0",
          "resolved": "https://registry.npmjs.org/graceful-readlink/-/graceful-readlink-1.0.1.tgz"
        },
        "har-validator": {
          "version": "2.0.6",
          "from": "har-validator@>=2.0.6 <2.1.0",
          "resolved": "https://registry.npmjs.org/har-validator/-/har-validator-2.0.6.tgz"
        },
        "has-ansi": {
          "version": "2.0.0",
          "from": "has-ansi@>=2.0.0 <3.0.0",
          "resolved": "https://registry.npmjs.org/has-ansi/-/has-ansi-2.0.0.tgz"
        },
        "has-unicode": {
          "version": "2.0.0",
          "from": "has-unicode@>=2.0.0 <3.0.0",
          "resolved": "https://registry.npmjs.org/has-unicode/-/has-unicode-2.0.0.tgz"
        },
        "hawk": {
          "version": "3.1.3",
          "from": "hawk@>=3.1.3 <3.2.0",
          "resolved": "https://registry.npmjs.org/hawk/-/hawk-3.1.3.tgz"
        },
        "hoek": {
          "version": "2.16.3",
          "from": "hoek@>=2.0.0 <3.0.0",
          "resolved": "https://registry.npmjs.org/hoek/-/hoek-2.16.3.tgz"
        },
        "http-signature": {
          "version": "1.1.1",
          "from": "http-signature@>=1.1.0 <1.2.0",
          "resolved": "https://registry.npmjs.org/http-signature/-/http-signature-1.1.1.tgz"
        },
        "inflight": {
          "version": "1.0.4",
          "from": "inflight@>=1.0.4 <2.0.0",
          "resolved": "https://registry.npmjs.org/inflight/-/inflight-1.0.4.tgz"
        },
        "inherits": {
          "version": "2.0.1",
          "from": "inherits@>=2.0.1 <2.1.0",
          "resolved": "https://registry.npmjs.org/inherits/-/inherits-2.0.1.tgz"
        },
        "ini": {
          "version": "1.3.4",
          "from": "ini@>=1.3.0 <1.4.0",
          "resolved": "https://registry.npmjs.org/ini/-/ini-1.3.4.tgz"
        },
        "is-my-json-valid": {
          "version": "2.13.1",
          "from": "is-my-json-valid@>=2.12.4 <3.0.0",
          "resolved": "https://registry.npmjs.org/is-my-json-valid/-/is-my-json-valid-2.13.1.tgz"
        },
        "is-property": {
          "version": "1.0.2",
          "from": "is-property@>=1.0.0 <2.0.0",
          "resolved": "https://registry.npmjs.org/is-property/-/is-property-1.0.2.tgz"
        },
        "is-typedarray": {
          "version": "1.0.0",
          "from": "is-typedarray@>=1.0.0 <1.1.0",
          "resolved": "https://registry.npmjs.org/is-typedarray/-/is-typedarray-1.0.0.tgz"
        },
        "isarray": {
          "version": "1.0.0",
          "from": "isarray@>=1.0.0 <1.1.0",
          "resolved": "https://registry.npmjs.org/isarray/-/isarray-1.0.0.tgz"
        },
        "isstream": {
          "version": "0.1.2",
          "from": "isstream@>=0.1.2 <0.2.0",
          "resolved": "https://registry.npmjs.org/isstream/-/isstream-0.1.2.tgz"
        },
        "jodid25519": {
          "version": "1.0.2",
          "from": "jodid25519@>=1.0.0 <2.0.0",
          "resolved": "https://registry.npmjs.org/jodid25519/-/jodid25519-1.0.2.tgz"
        },
        "jsbn": {
          "version": "0.1.0",
          "from": "jsbn@>=0.1.0 <0.2.0",
          "resolved": "https://registry.npmjs.org/jsbn/-/jsbn-0.1.0.tgz"
        },
        "json-schema": {
          "version": "0.2.2",
          "from": "json-schema@0.2.2",
          "resolved": "https://registry.npmjs.org/json-schema/-/json-schema-0.2.2.tgz"
        },
        "json-stringify-safe": {
          "version": "5.0.1",
          "from": "json-stringify-safe@>=5.0.1 <5.1.0",
          "resolved": "https://registry.npmjs.org/json-stringify-safe/-/json-stringify-safe-5.0.1.tgz"
        },
        "jsonpointer": {
          "version": "2.0.0",
          "from": "jsonpointer@2.0.0",
          "resolved": "https://registry.npmjs.org/jsonpointer/-/jsonpointer-2.0.0.tgz"
        },
        "jsprim": {
          "version": "1.2.2",
          "from": "jsprim@>=1.2.2 <2.0.0",
          "resolved": "https://registry.npmjs.org/jsprim/-/jsprim-1.2.2.tgz"
        },
        "lodash._baseslice": {
          "version": "4.0.0",
          "from": "lodash._baseslice@>=4.0.0 <4.1.0",
          "resolved": "https://registry.npmjs.org/lodash._baseslice/-/lodash._baseslice-4.0.0.tgz"
        },
        "lodash._basetostring": {
          "version": "4.12.0",
          "from": "lodash._basetostring@>=4.12.0 <4.13.0",
          "resolved": "https://registry.npmjs.org/lodash._basetostring/-/lodash._basetostring-4.12.0.tgz"
        },
        "lodash.pad": {
          "version": "4.4.0",
          "from": "lodash.pad@>=4.1.0 <5.0.0",
          "resolved": "https://registry.npmjs.org/lodash.pad/-/lodash.pad-4.4.0.tgz"
        },
        "lodash.padend": {
          "version": "4.5.0",
          "from": "lodash.padend@>=4.1.0 <5.0.0",
          "resolved": "https://registry.npmjs.org/lodash.padend/-/lodash.padend-4.5.0.tgz"
        },
        "lodash.padstart": {
          "version": "4.5.0",
          "from": "lodash.padstart@>=4.1.0 <5.0.0",
          "resolved": "https://registry.npmjs.org/lodash.padstart/-/lodash.padstart-4.5.0.tgz"
        },
        "lodash.tostring": {
          "version": "4.1.3",
          "from": "lodash.tostring@>=4.0.0 <5.0.0",
          "resolved": "https://registry.npmjs.org/lodash.tostring/-/lodash.tostring-4.1.3.tgz"
        },
        "mime-db": {
          "version": "1.23.0",
          "from": "mime-db@>=1.23.0 <1.24.0",
          "resolved": "https://registry.npmjs.org/mime-db/-/mime-db-1.23.0.tgz"
        },
        "mime-types": {
          "version": "2.1.11",
          "from": "mime-types@>=2.1.7 <2.2.0",
          "resolved": "https://registry.npmjs.org/mime-types/-/mime-types-2.1.11.tgz"
        },
        "minimatch": {
          "version": "3.0.0",
          "from": "minimatch@>=2.0.0 <3.0.0||>=3.0.0 <4.0.0",
          "resolved": "https://registry.npmjs.org/minimatch/-/minimatch-3.0.0.tgz"
        },
        "minimist": {
          "version": "0.0.8",
          "from": "minimist@0.0.8",
          "resolved": "https://registry.npmjs.org/minimist/-/minimist-0.0.8.tgz"
        },
        "mkdirp": {
          "version": "0.5.1",
          "from": "mkdirp@>=0.5.0 <0.6.0",
          "resolved": "https://registry.npmjs.org/mkdirp/-/mkdirp-0.5.1.tgz"
        },
        "ms": {
          "version": "0.7.1",
          "from": "ms@0.7.1",
          "resolved": "https://registry.npmjs.org/ms/-/ms-0.7.1.tgz"
        },
        "node-pre-gyp": {
          "version": "0.6.28",
          "from": "node-pre-gyp@>=0.6.28 <0.7.0",
          "resolved": "https://registry.npmjs.org/node-pre-gyp/-/node-pre-gyp-0.6.28.tgz"
        },
        "node-uuid": {
          "version": "1.4.7",
          "from": "node-uuid@>=1.4.7 <1.5.0",
          "resolved": "https://registry.npmjs.org/node-uuid/-/node-uuid-1.4.7.tgz"
        },
        "nopt": {
          "version": "3.0.6",
          "from": "nopt@>=3.0.1 <3.1.0",
          "resolved": "https://registry.npmjs.org/nopt/-/nopt-3.0.6.tgz"
        },
        "npmlog": {
          "version": "2.0.3",
          "from": "npmlog@>=2.0.0 <2.1.0",
          "resolved": "https://registry.npmjs.org/npmlog/-/npmlog-2.0.3.tgz"
        },
        "oauth-sign": {
          "version": "0.8.2",
          "from": "oauth-sign@>=0.8.1 <0.9.0",
          "resolved": "https://registry.npmjs.org/oauth-sign/-/oauth-sign-0.8.2.tgz"
        },
        "once": {
          "version": "1.3.3",
          "from": "once@>=1.3.0 <2.0.0",
          "resolved": "https://registry.npmjs.org/once/-/once-1.3.3.tgz"
        },
        "path-is-absolute": {
          "version": "1.0.0",
          "from": "path-is-absolute@>=1.0.0 <2.0.0",
          "resolved": "https://registry.npmjs.org/path-is-absolute/-/path-is-absolute-1.0.0.tgz"
        },
        "pinkie": {
          "version": "2.0.4",
          "from": "pinkie@>=2.0.0 <3.0.0",
          "resolved": "https://registry.npmjs.org/pinkie/-/pinkie-2.0.4.tgz"
        },
        "pinkie-promise": {
          "version": "2.0.1",
          "from": "pinkie-promise@>=2.0.0 <3.0.0",
          "resolved": "https://registry.npmjs.org/pinkie-promise/-/pinkie-promise-2.0.1.tgz"
        },
        "process-nextick-args": {
          "version": "1.0.7",
          "from": "process-nextick-args@>=1.0.6 <1.1.0",
          "resolved": "https://registry.npmjs.org/process-nextick-args/-/process-nextick-args-1.0.7.tgz"
        },
        "qs": {
          "version": "6.1.0",
          "from": "qs@>=6.1.0 <6.2.0",
          "resolved": "https://registry.npmjs.org/qs/-/qs-6.1.0.tgz"
        },
        "rc": {
          "version": "1.1.6",
          "from": "rc@>=1.1.0 <1.2.0",
          "resolved": "https://registry.npmjs.org/rc/-/rc-1.1.6.tgz",
          "dependencies": {
            "minimist": {
              "version": "1.2.0",
              "from": "minimist@>=1.2.0 <2.0.0",
              "resolved": "https://registry.npmjs.org/minimist/-/minimist-1.2.0.tgz"
            }
          }
        },
        "readable-stream": {
          "version": "2.1.2",
          "from": "readable-stream@>=2.0.0 <3.0.0||>=1.1.13 <2.0.0",
          "resolved": "https://registry.npmjs.org/readable-stream/-/readable-stream-2.1.2.tgz"
        },
        "request": {
          "version": "2.72.0",
          "from": "request@>=2.0.0 <3.0.0",
          "resolved": "https://registry.npmjs.org/request/-/request-2.72.0.tgz"
        },
        "rimraf": {
          "version": "2.5.2",
          "from": "rimraf@>=2.5.0 <2.6.0",
          "resolved": "https://registry.npmjs.org/rimraf/-/rimraf-2.5.2.tgz"
        },
        "semver": {
          "version": "5.1.0",
          "from": "semver@>=5.1.0 <5.2.0",
          "resolved": "https://registry.npmjs.org/semver/-/semver-5.1.0.tgz"
        },
        "sntp": {
          "version": "1.0.9",
          "from": "sntp@>=1.0.0 <2.0.0",
          "resolved": "https://registry.npmjs.org/sntp/-/sntp-1.0.9.tgz"
        },
        "sshpk": {
          "version": "1.8.3",
          "from": "sshpk@>=1.7.0 <2.0.0",
          "resolved": "https://registry.npmjs.org/sshpk/-/sshpk-1.8.3.tgz",
          "dependencies": {
            "assert-plus": {
              "version": "1.0.0",
              "from": "assert-plus@>=1.0.0 <2.0.0",
              "resolved": "https://registry.npmjs.org/assert-plus/-/assert-plus-1.0.0.tgz"
            }
          }
        },
        "string_decoder": {
          "version": "0.10.31",
          "from": "string_decoder@>=0.10.0 <0.11.0",
          "resolved": "https://registry.npmjs.org/string_decoder/-/string_decoder-0.10.31.tgz"
        },
        "stringstream": {
          "version": "0.0.5",
          "from": "stringstream@>=0.0.4 <0.1.0",
          "resolved": "https://registry.npmjs.org/stringstream/-/stringstream-0.0.5.tgz"
        },
        "strip-ansi": {
          "version": "3.0.1",
          "from": "strip-ansi@>=3.0.0 <4.0.0",
          "resolved": "https://registry.npmjs.org/strip-ansi/-/strip-ansi-3.0.1.tgz"
        },
        "strip-json-comments": {
          "version": "1.0.4",
          "from": "strip-json-comments@>=1.0.4 <1.1.0",
          "resolved": "https://registry.npmjs.org/strip-json-comments/-/strip-json-comments-1.0.4.tgz"
        },
        "supports-color": {
          "version": "2.0.0",
          "from": "supports-color@>=2.0.0 <3.0.0",
          "resolved": "https://registry.npmjs.org/supports-color/-/supports-color-2.0.0.tgz"
        },
        "tar": {
          "version": "2.2.1",
          "from": "tar@>=2.2.0 <2.3.0",
          "resolved": "https://registry.npmjs.org/tar/-/tar-2.2.1.tgz"
        },
        "tar-pack": {
          "version": "3.1.3",
          "from": "tar-pack@>=3.1.0 <3.2.0",
          "resolved": "https://registry.npmjs.org/tar-pack/-/tar-pack-3.1.3.tgz",
          "dependencies": {
            "readable-stream": {
              "version": "2.0.6",
              "from": "readable-stream@>=2.0.4 <2.1.0",
              "resolved": "https://registry.npmjs.org/readable-stream/-/readable-stream-2.0.6.tgz"
            }
          }
        },
        "tough-cookie": {
          "version": "2.2.2",
          "from": "tough-cookie@>=2.2.0 <2.3.0",
          "resolved": "https://registry.npmjs.org/tough-cookie/-/tough-cookie-2.2.2.tgz"
        },
        "tunnel-agent": {
          "version": "0.4.3",
          "from": "tunnel-agent@>=0.4.1 <0.5.0",
          "resolved": "https://registry.npmjs.org/tunnel-agent/-/tunnel-agent-0.4.3.tgz"
        },
        "tweetnacl": {
          "version": "0.13.3",
          "from": "tweetnacl@>=0.13.0 <0.14.0",
          "resolved": "https://registry.npmjs.org/tweetnacl/-/tweetnacl-0.13.3.tgz"
        },
        "uid-number": {
          "version": "0.0.6",
          "from": "uid-number@>=0.0.6 <0.1.0",
          "resolved": "https://registry.npmjs.org/uid-number/-/uid-number-0.0.6.tgz"
        },
        "util-deprecate": {
          "version": "1.0.2",
          "from": "util-deprecate@>=1.0.1 <1.1.0",
          "resolved": "https://registry.npmjs.org/util-deprecate/-/util-deprecate-1.0.2.tgz"
        },
        "verror": {
          "version": "1.3.6",
          "from": "verror@1.3.6",
          "resolved": "https://registry.npmjs.org/verror/-/verror-1.3.6.tgz"
        },
        "wrappy": {
          "version": "1.0.1",
          "from": "wrappy@>=1.0.0 <2.0.0",
          "resolved": "https://registry.npmjs.org/wrappy/-/wrappy-1.0.1.tgz"
        },
        "xtend": {
          "version": "4.0.1",
          "from": "xtend@>=4.0.0 <5.0.0",
          "resolved": "https://registry.npmjs.org/xtend/-/xtend-4.0.1.tgz"
        }
      }
    },
    "sqlite3-transactions": {
      "version": "0.0.5",
      "from": "sqlite3-transactions@",
      "resolved": "https://registry.npmjs.org/sqlite3-transactions/-/sqlite3-transactions-0.0.5.tgz",
      "dependencies": {
        "underscore": {
          "version": "1.8.3",
          "from": "underscore@>= 1.5.2",
          "resolved": "https://registry.npmjs.org/underscore/-/underscore-1.8.3.tgz"
        }
      }
    },
    "useragent": {
      "version": "2.1.8",
      "from": "useragent@^2.1.8",
      "resolved": "https://registry.npmjs.org/useragent/-/useragent-2.1.8.tgz",
      "dependencies": {
        "lru-cache": {
          "version": "2.2.4",
          "from": "lru-cache@2.2.4",
          "resolved": "https://registry.npmjs.org/lru-cache/-/lru-cache-2.2.4.tgz"
        }
      }
    },
    "validator": {
      "version": "4.5.2",
      "from": "validator@4.5.2",
      "resolved": "https://registry.npmjs.org/validator/-/validator-4.5.2.tgz"
    },
    "yamlparser": {
      "version": "0.0.2",
      "from": "yamlparser@",
      "resolved": "https://registry.npmjs.org/yamlparser/-/yamlparser-0.0.2.tgz"
    }
  }
}
